// !$*UTF8*$!
{
	archiveVersion = 1;
	classes = {
	};
	objectVersion = 56;
	objects = {

/* Begin PBXBuildFile section */
		AF209FE429EE907B00B59F66 /* WhereWasItApp.swift in Sources */ = {isa = PBXBuildFile; fileRef = AF209FE329EE907B00B59F66 /* WhereWasItApp.swift */; };
		AF209FE829EE907C00B59F66 /* Assets.xcassets in Resources */ = {isa = PBXBuildFile; fileRef = AF209FE729EE907C00B59F66 /* Assets.xcassets */; };
		AF209FEB29EE907C00B59F66 /* Preview Assets.xcassets in Resources */ = {isa = PBXBuildFile; fileRef = AF209FEA29EE907C00B59F66 /* Preview Assets.xcassets */; };
		AF209FED29EE907C00B59F66 /* Persistence.swift in Sources */ = {isa = PBXBuildFile; fileRef = AF209FEC29EE907C00B59F66 /* Persistence.swift */; };
		AF209FF029EE907C00B59F66 /* WhereWasIt.xcdatamodeld in Sources */ = {isa = PBXBuildFile; fileRef = AF209FEE29EE907C00B59F66 /* WhereWasIt.xcdatamodeld */; };
		AF209FFA29EE907C00B59F66 /* WhereWasItTests.swift in Sources */ = {isa = PBXBuildFile; fileRef = AF209FF929EE907C00B59F66 /* WhereWasItTests.swift */; };
		AF20A00429EE907C00B59F66 /* WhereWasItUITests.swift in Sources */ = {isa = PBXBuildFile; fileRef = AF20A00329EE907C00B59F66 /* WhereWasItUITests.swift */; };
		AF20A00629EE907C00B59F66 /* WhereWasItUITestsLaunchTests.swift in Sources */ = {isa = PBXBuildFile; fileRef = AF20A00529EE907C00B59F66 /* WhereWasItUITestsLaunchTests.swift */; };
		AF96BA2F2A03C9A2005D7CA3 /* GoogleService-Info.plist in Resources */ = {isa = PBXBuildFile; fileRef = AF96BA2E2A03C9A2005D7CA3 /* GoogleService-Info.plist */; };
		AF96BA322A03CAA6005D7CA3 /* FirebaseAuth in Frameworks */ = {isa = PBXBuildFile; productRef = AF96BA312A03CAA6005D7CA3 /* FirebaseAuth */; };
		AF96BA342A03CAA6005D7CA3 /* FirebaseDatabase in Frameworks */ = {isa = PBXBuildFile; productRef = AF96BA332A03CAA6005D7CA3 /* FirebaseDatabase */; };
		AF96BA362A03CAA6005D7CA3 /* FirebaseDatabaseSwift in Frameworks */ = {isa = PBXBuildFile; productRef = AF96BA352A03CAA6005D7CA3 /* FirebaseDatabaseSwift */; };
		AF96BA382A03CAA6005D7CA3 /* FirebaseFirestore in Frameworks */ = {isa = PBXBuildFile; productRef = AF96BA372A03CAA6005D7CA3 /* FirebaseFirestore */; };
		AF96BA3A2A03CAA6005D7CA3 /* FirebaseFirestoreSwift in Frameworks */ = {isa = PBXBuildFile; productRef = AF96BA392A03CAA6005D7CA3 /* FirebaseFirestoreSwift */; };
		AF96BA3C2A03CAA6005D7CA3 /* FirebaseInAppMessaging-Beta in Frameworks */ = {isa = PBXBuildFile; productRef = AF96BA3B2A03CAA6005D7CA3 /* FirebaseInAppMessaging-Beta */; };
		AF96BA3E2A03CAA6005D7CA3 /* FirebaseInAppMessagingSwift-Beta in Frameworks */ = {isa = PBXBuildFile; productRef = AF96BA3D2A03CAA6005D7CA3 /* FirebaseInAppMessagingSwift-Beta */; };
		AF96BA402A03CAA6005D7CA3 /* FirebaseMessaging in Frameworks */ = {isa = PBXBuildFile; productRef = AF96BA3F2A03CAA6005D7CA3 /* FirebaseMessaging */; };
		AF96BA422A03CAA6005D7CA3 /* FirebaseStorage in Frameworks */ = {isa = PBXBuildFile; productRef = AF96BA412A03CAA6005D7CA3 /* FirebaseStorage */; };
		AF96BA472A0A40CC005D7CA3 /* Location.swift in Sources */ = {isa = PBXBuildFile; fileRef = AF96BA462A0A40CC005D7CA3 /* Location.swift */; };
		AF96BA492A0A40DB005D7CA3 /* LocationStore .swift in Sources */ = {isa = PBXBuildFile; fileRef = AF96BA482A0A40DB005D7CA3 /* LocationStore .swift */; };
		AF96BA4B2A0A40EE005D7CA3 /* ContentView.swift in Sources */ = {isa = PBXBuildFile; fileRef = AF96BA4A2A0A40EE005D7CA3 /* ContentView.swift */; };
		AF96BA4D2A0A40FE005D7CA3 /* MapView .swift in Sources */ = {isa = PBXBuildFile; fileRef = AF96BA4C2A0A40FE005D7CA3 /* MapView .swift */; };
		AF96BA4F2A0A410D005D7CA3 /* SearchSuggestionsView .swift in Sources */ = {isa = PBXBuildFile; fileRef = AF96BA4E2A0A410D005D7CA3 /* SearchSuggestionsView .swift */; };
		AF96BA512A0A411A005D7CA3 /* LocationViewModel.swift .swift in Sources */ = {isa = PBXBuildFile; fileRef = AF96BA502A0A411A005D7CA3 /* LocationViewModel.swift .swift */; };
		AFA2B6482A0CD41400FA79C3 /* SearchCompleterViewModel.swift in Sources */ = {isa = PBXBuildFile; fileRef = AFA2B6472A0CD41400FA79C3 /* SearchCompleterViewModel.swift */; };
		AFA2B64A2A0D1F4700FA79C3 /* LoginView.swift in Sources */ = {isa = PBXBuildFile; fileRef = AFA2B6492A0D1F4700FA79C3 /* LoginView.swift */; };
		AFA2B64D2A0D201000FA79C3 /* GoogleSignIn in Frameworks */ = {isa = PBXBuildFile; productRef = AFA2B64C2A0D201000FA79C3 /* GoogleSignIn */; };
		AFA2B64F2A0D201000FA79C3 /* GoogleSignInSwift in Frameworks */ = {isa = PBXBuildFile; productRef = AFA2B64E2A0D201000FA79C3 /* GoogleSignInSwift */; };
		AFA2B6512A0E57F300FA79C3 /* UserAuth.swift in Sources */ = {isa = PBXBuildFile; fileRef = AFA2B6502A0E57F300FA79C3 /* UserAuth.swift */; };
/* End PBXBuildFile section */

/* Begin PBXContainerItemProxy section */
		AF209FF629EE907C00B59F66 /* PBXContainerItemProxy */ = {
			isa = PBXContainerItemProxy;
			containerPortal = AF209FD829EE907B00B59F66 /* Project object */;
			proxyType = 1;
			remoteGlobalIDString = AF209FDF29EE907B00B59F66;
			remoteInfo = WhereWasIt;
		};
		AF20A00029EE907C00B59F66 /* PBXContainerItemProxy */ = {
			isa = PBXContainerItemProxy;
			containerPortal = AF209FD829EE907B00B59F66 /* Project object */;
			proxyType = 1;
			remoteGlobalIDString = AF209FDF29EE907B00B59F66;
			remoteInfo = WhereWasIt;
		};
/* End PBXContainerItemProxy section */

/* Begin PBXFileReference section */
		AF209FE029EE907B00B59F66 /* WhereWasIt.app */ = {isa = PBXFileReference; explicitFileType = wrapper.application; includeInIndex = 0; path = WhereWasIt.app; sourceTree = BUILT_PRODUCTS_DIR; };
		AF209FE329EE907B00B59F66 /* WhereWasItApp.swift */ = {isa = PBXFileReference; lastKnownFileType = sourcecode.swift; path = WhereWasItApp.swift; sourceTree = "<group>"; };
		AF209FE729EE907C00B59F66 /* Assets.xcassets */ = {isa = PBXFileReference; lastKnownFileType = folder.assetcatalog; path = Assets.xcassets; sourceTree = "<group>"; };
		AF209FEA29EE907C00B59F66 /* Preview Assets.xcassets */ = {isa = PBXFileReference; lastKnownFileType = folder.assetcatalog; path = "Preview Assets.xcassets"; sourceTree = "<group>"; };
		AF209FEC29EE907C00B59F66 /* Persistence.swift */ = {isa = PBXFileReference; lastKnownFileType = sourcecode.swift; path = Persistence.swift; sourceTree = "<group>"; };
		AF209FEF29EE907C00B59F66 /* WhereWasIt.xcdatamodel */ = {isa = PBXFileReference; lastKnownFileType = wrapper.xcdatamodel; path = WhereWasIt.xcdatamodel; sourceTree = "<group>"; };
		AF209FF529EE907C00B59F66 /* WhereWasItTests.xctest */ = {isa = PBXFileReference; explicitFileType = wrapper.cfbundle; includeInIndex = 0; path = WhereWasItTests.xctest; sourceTree = BUILT_PRODUCTS_DIR; };
		AF209FF929EE907C00B59F66 /* WhereWasItTests.swift */ = {isa = PBXFileReference; lastKnownFileType = sourcecode.swift; path = WhereWasItTests.swift; sourceTree = "<group>"; };
		AF209FFF29EE907C00B59F66 /* WhereWasItUITests.xctest */ = {isa = PBXFileReference; explicitFileType = wrapper.cfbundle; includeInIndex = 0; path = WhereWasItUITests.xctest; sourceTree = BUILT_PRODUCTS_DIR; };
		AF20A00329EE907C00B59F66 /* WhereWasItUITests.swift */ = {isa = PBXFileReference; lastKnownFileType = sourcecode.swift; path = WhereWasItUITests.swift; sourceTree = "<group>"; };
		AF20A00529EE907C00B59F66 /* WhereWasItUITestsLaunchTests.swift */ = {isa = PBXFileReference; lastKnownFileType = sourcecode.swift; path = WhereWasItUITestsLaunchTests.swift; sourceTree = "<group>"; };
		AF96BA2E2A03C9A2005D7CA3 /* GoogleService-Info.plist */ = {isa = PBXFileReference; fileEncoding = 4; lastKnownFileType = text.plist.xml; name = "GoogleService-Info.plist"; path = "../../../../Downloads/GoogleService-Info.plist"; sourceTree = "<group>"; };
		AF96BA462A0A40CC005D7CA3 /* Location.swift */ = {isa = PBXFileReference; lastKnownFileType = sourcecode.swift; path = Location.swift; sourceTree = "<group>"; };
		AF96BA482A0A40DB005D7CA3 /* LocationStore .swift */ = {isa = PBXFileReference; lastKnownFileType = sourcecode.swift; path = "LocationStore .swift"; sourceTree = "<group>"; };
		AF96BA4A2A0A40EE005D7CA3 /* ContentView.swift */ = {isa = PBXFileReference; lastKnownFileType = sourcecode.swift; path = ContentView.swift; sourceTree = "<group>"; };
		AF96BA4C2A0A40FE005D7CA3 /* MapView .swift */ = {isa = PBXFileReference; lastKnownFileType = sourcecode.swift; path = "MapView .swift"; sourceTree = "<group>"; };
		AF96BA4E2A0A410D005D7CA3 /* SearchSuggestionsView .swift */ = {isa = PBXFileReference; lastKnownFileType = sourcecode.swift; path = "SearchSuggestionsView .swift"; sourceTree = "<group>"; };
		AF96BA502A0A411A005D7CA3 /* LocationViewModel.swift .swift */ = {isa = PBXFileReference; lastKnownFileType = sourcecode.swift; path = "LocationViewModel.swift .swift"; sourceTree = "<group>"; };
		AF96BA522A0B9067005D7CA3 /* Info.plist */ = {isa = PBXFileReference; lastKnownFileType = text.plist; path = Info.plist; sourceTree = "<group>"; };
		AFA2B6472A0CD41400FA79C3 /* SearchCompleterViewModel.swift */ = {isa = PBXFileReference; lastKnownFileType = sourcecode.swift; path = SearchCompleterViewModel.swift; sourceTree = "<group>"; };
		AFA2B6492A0D1F4700FA79C3 /* LoginView.swift */ = {isa = PBXFileReference; lastKnownFileType = sourcecode.swift; path = LoginView.swift; sourceTree = "<group>"; };
		AFA2B6502A0E57F300FA79C3 /* UserAuth.swift */ = {isa = PBXFileReference; lastKnownFileType = sourcecode.swift; path = UserAuth.swift; sourceTree = "<group>"; };
/* End PBXFileReference section */

/* Begin PBXFrameworksBuildPhase section */
		AF209FDD29EE907B00B59F66 /* Frameworks */ = {
			isa = PBXFrameworksBuildPhase;
			buildActionMask = 2147483647;
			files = (
				AF96BA402A03CAA6005D7CA3 /* FirebaseMessaging in Frameworks */,
				AF96BA3A2A03CAA6005D7CA3 /* FirebaseFirestoreSwift in Frameworks */,
				AF96BA422A03CAA6005D7CA3 /* FirebaseStorage in Frameworks */,
				AF96BA362A03CAA6005D7CA3 /* FirebaseDatabaseSwift in Frameworks */,
				AF96BA3E2A03CAA6005D7CA3 /* FirebaseInAppMessagingSwift-Beta in Frameworks */,
				AFA2B64D2A0D201000FA79C3 /* GoogleSignIn in Frameworks */,
				AF96BA382A03CAA6005D7CA3 /* FirebaseFirestore in Frameworks */,
				AF96BA342A03CAA6005D7CA3 /* FirebaseDatabase in Frameworks */,
				AF96BA322A03CAA6005D7CA3 /* FirebaseAuth in Frameworks */,
				AF96BA3C2A03CAA6005D7CA3 /* FirebaseInAppMessaging-Beta in Frameworks */,
				AFA2B64F2A0D201000FA79C3 /* GoogleSignInSwift in Frameworks */,
			);
			runOnlyForDeploymentPostprocessing = 0;
		};
		AF209FF229EE907C00B59F66 /* Frameworks */ = {
			isa = PBXFrameworksBuildPhase;
			buildActionMask = 2147483647;
			files = (
			);
			runOnlyForDeploymentPostprocessing = 0;
		};
		AF209FFC29EE907C00B59F66 /* Frameworks */ = {
			isa = PBXFrameworksBuildPhase;
			buildActionMask = 2147483647;
			files = (
			);
			runOnlyForDeploymentPostprocessing = 0;
		};
/* End PBXFrameworksBuildPhase section */

/* Begin PBXGroup section */
		AF209FD729EE907B00B59F66 = {
			isa = PBXGroup;
			children = (
				AF209FE229EE907B00B59F66 /* WhereWasIt */,
				AF209FF829EE907C00B59F66 /* WhereWasItTests */,
				AF20A00229EE907C00B59F66 /* WhereWasItUITests */,
				AF209FE129EE907B00B59F66 /* Products */,
			);
			sourceTree = "<group>";
		};
		AF209FE129EE907B00B59F66 /* Products */ = {
			isa = PBXGroup;
			children = (
				AF209FE029EE907B00B59F66 /* WhereWasIt.app */,
				AF209FF529EE907C00B59F66 /* WhereWasItTests.xctest */,
				AF209FFF29EE907C00B59F66 /* WhereWasItUITests.xctest */,
			);
			name = Products;
			sourceTree = "<group>";
		};
		AF209FE229EE907B00B59F66 /* WhereWasIt */ = {
			isa = PBXGroup;
			children = (
				AF96BA522A0B9067005D7CA3 /* Info.plist */,
				AF96BA452A0A40A2005D7CA3 /* Controller */,
				AF96BA442A0A409A005D7CA3 /* View */,
				AF96BA432A0A4069005D7CA3 /* Model */,
				AF209FE329EE907B00B59F66 /* WhereWasItApp.swift */,
				AF209FE729EE907C00B59F66 /* Assets.xcassets */,
				AF209FEC29EE907C00B59F66 /* Persistence.swift */,
				AF209FEE29EE907C00B59F66 /* WhereWasIt.xcdatamodeld */,
				AF96BA2E2A03C9A2005D7CA3 /* GoogleService-Info.plist */,
				AF209FE929EE907C00B59F66 /* Preview Content */,
			);
			path = WhereWasIt;
			sourceTree = "<group>";
		};
		AF209FE929EE907C00B59F66 /* Preview Content */ = {
			isa = PBXGroup;
			children = (
				AF209FEA29EE907C00B59F66 /* Preview Assets.xcassets */,
			);
			path = "Preview Content";
			sourceTree = "<group>";
		};
		AF209FF829EE907C00B59F66 /* WhereWasItTests */ = {
			isa = PBXGroup;
			children = (
				AF209FF929EE907C00B59F66 /* WhereWasItTests.swift */,
			);
			path = WhereWasItTests;
			sourceTree = "<group>";
		};
		AF20A00229EE907C00B59F66 /* WhereWasItUITests */ = {
			isa = PBXGroup;
			children = (
				AF20A00329EE907C00B59F66 /* WhereWasItUITests.swift */,
				AF20A00529EE907C00B59F66 /* WhereWasItUITestsLaunchTests.swift */,
			);
			path = WhereWasItUITests;
			sourceTree = "<group>";
		};
		AF96BA432A0A4069005D7CA3 /* Model */ = {
			isa = PBXGroup;
			children = (
				AF96BA462A0A40CC005D7CA3 /* Location.swift */,
				AF96BA482A0A40DB005D7CA3 /* LocationStore .swift */,
				AFA2B6502A0E57F300FA79C3 /* UserAuth.swift */,
			);
			path = Model;
			sourceTree = "<group>";
		};
		AF96BA442A0A409A005D7CA3 /* View */ = {
			isa = PBXGroup;
			children = (
				AF96BA4A2A0A40EE005D7CA3 /* ContentView.swift */,
				AF96BA4C2A0A40FE005D7CA3 /* MapView .swift */,
				AF96BA4E2A0A410D005D7CA3 /* SearchSuggestionsView .swift */,
				AFA2B6492A0D1F4700FA79C3 /* LoginView.swift */,
			);
			path = View;
			sourceTree = "<group>";
		};
		AF96BA452A0A40A2005D7CA3 /* Controller */ = {
			isa = PBXGroup;
			children = (
				AF96BA502A0A411A005D7CA3 /* LocationViewModel.swift .swift */,
				AFA2B6472A0CD41400FA79C3 /* SearchCompleterViewModel.swift */,
			);
			path = Controller;
			sourceTree = "<group>";
		};
/* End PBXGroup section */

/* Begin PBXNativeTarget section */
		AF209FDF29EE907B00B59F66 /* WhereWasIt */ = {
			isa = PBXNativeTarget;
			buildConfigurationList = AF20A00929EE907C00B59F66 /* Build configuration list for PBXNativeTarget "WhereWasIt" */;
			buildPhases = (
				AF209FDC29EE907B00B59F66 /* Sources */,
				AF209FDD29EE907B00B59F66 /* Frameworks */,
				AF209FDE29EE907B00B59F66 /* Resources */,
			);
			buildRules = (
			);
			dependencies = (
			);
			name = WhereWasIt;
			packageProductDependencies = (
				AF96BA312A03CAA6005D7CA3 /* FirebaseAuth */,
				AF96BA332A03CAA6005D7CA3 /* FirebaseDatabase */,
				AF96BA352A03CAA6005D7CA3 /* FirebaseDatabaseSwift */,
				AF96BA372A03CAA6005D7CA3 /* FirebaseFirestore */,
				AF96BA392A03CAA6005D7CA3 /* FirebaseFirestoreSwift */,
				AF96BA3B2A03CAA6005D7CA3 /* FirebaseInAppMessaging-Beta */,
				AF96BA3D2A03CAA6005D7CA3 /* FirebaseInAppMessagingSwift-Beta */,
				AF96BA3F2A03CAA6005D7CA3 /* FirebaseMessaging */,
				AF96BA412A03CAA6005D7CA3 /* FirebaseStorage */,
				AFA2B64C2A0D201000FA79C3 /* GoogleSignIn */,
				AFA2B64E2A0D201000FA79C3 /* GoogleSignInSwift */,
			);
			productName = WhereWasIt;
			productReference = AF209FE029EE907B00B59F66 /* WhereWasIt.app */;
			productType = "com.apple.product-type.application";
		};
		AF209FF429EE907C00B59F66 /* WhereWasItTests */ = {
			isa = PBXNativeTarget;
			buildConfigurationList = AF20A00C29EE907C00B59F66 /* Build configuration list for PBXNativeTarget "WhereWasItTests" */;
			buildPhases = (
				AF209FF129EE907C00B59F66 /* Sources */,
				AF209FF229EE907C00B59F66 /* Frameworks */,
				AF209FF329EE907C00B59F66 /* Resources */,
			);
			buildRules = (
			);
			dependencies = (
				AF209FF729EE907C00B59F66 /* PBXTargetDependency */,
			);
			name = WhereWasItTests;
			productName = WhereWasItTests;
			productReference = AF209FF529EE907C00B59F66 /* WhereWasItTests.xctest */;
			productType = "com.apple.product-type.bundle.unit-test";
		};
		AF209FFE29EE907C00B59F66 /* WhereWasItUITests */ = {
			isa = PBXNativeTarget;
			buildConfigurationList = AF20A00F29EE907C00B59F66 /* Build configuration list for PBXNativeTarget "WhereWasItUITests" */;
			buildPhases = (
				AF209FFB29EE907C00B59F66 /* Sources */,
				AF209FFC29EE907C00B59F66 /* Frameworks */,
				AF209FFD29EE907C00B59F66 /* Resources */,
			);
			buildRules = (
			);
			dependencies = (
				AF20A00129EE907C00B59F66 /* PBXTargetDependency */,
			);
			name = WhereWasItUITests;
			productName = WhereWasItUITests;
			productReference = AF209FFF29EE907C00B59F66 /* WhereWasItUITests.xctest */;
			productType = "com.apple.product-type.bundle.ui-testing";
		};
/* End PBXNativeTarget section */

/* Begin PBXProject section */
		AF209FD829EE907B00B59F66 /* Project object */ = {
			isa = PBXProject;
			attributes = {
				BuildIndependentTargetsInParallel = 1;
				LastSwiftUpdateCheck = 1420;
				LastUpgradeCheck = 1420;
				TargetAttributes = {
					AF209FDF29EE907B00B59F66 = {
						CreatedOnToolsVersion = 14.2;
					};
					AF209FF429EE907C00B59F66 = {
						CreatedOnToolsVersion = 14.2;
						TestTargetID = AF209FDF29EE907B00B59F66;
					};
					AF209FFE29EE907C00B59F66 = {
						CreatedOnToolsVersion = 14.2;
						TestTargetID = AF209FDF29EE907B00B59F66;
					};
				};
			};
			buildConfigurationList = AF209FDB29EE907B00B59F66 /* Build configuration list for PBXProject "WhereWasIt" */;
			compatibilityVersion = "Xcode 14.0";
			developmentRegion = en;
			hasScannedForEncodings = 0;
			knownRegions = (
				en,
				Base,
			);
			mainGroup = AF209FD729EE907B00B59F66;
			packageReferences = (
				AF96BA302A03CAA6005D7CA3 /* XCRemoteSwiftPackageReference "firebase-ios-sdk" */,
				AFA2B64B2A0D201000FA79C3 /* XCRemoteSwiftPackageReference "GoogleSignIn-iOS" */,
			);
			productRefGroup = AF209FE129EE907B00B59F66 /* Products */;
			projectDirPath = "";
			projectRoot = "";
			targets = (
				AF209FDF29EE907B00B59F66 /* WhereWasIt */,
				AF209FF429EE907C00B59F66 /* WhereWasItTests */,
				AF209FFE29EE907C00B59F66 /* WhereWasItUITests */,
			);
		};
/* End PBXProject section */

/* Begin PBXResourcesBuildPhase section */
		AF209FDE29EE907B00B59F66 /* Resources */ = {
			isa = PBXResourcesBuildPhase;
			buildActionMask = 2147483647;
			files = (
				AF209FEB29EE907C00B59F66 /* Preview Assets.xcassets in Resources */,
				AF209FE829EE907C00B59F66 /* Assets.xcassets in Resources */,
				AF96BA2F2A03C9A2005D7CA3 /* GoogleService-Info.plist in Resources */,
			);
			runOnlyForDeploymentPostprocessing = 0;
		};
		AF209FF329EE907C00B59F66 /* Resources */ = {
			isa = PBXResourcesBuildPhase;
			buildActionMask = 2147483647;
			files = (
			);
			runOnlyForDeploymentPostprocessing = 0;
		};
		AF209FFD29EE907C00B59F66 /* Resources */ = {
			isa = PBXResourcesBuildPhase;
			buildActionMask = 2147483647;
			files = (
			);
			runOnlyForDeploymentPostprocessing = 0;
		};
/* End PBXResourcesBuildPhase section */

/* Begin PBXSourcesBuildPhase section */
		AF209FDC29EE907B00B59F66 /* Sources */ = {
			isa = PBXSourcesBuildPhase;
			buildActionMask = 2147483647;
			files = (
				AFA2B6482A0CD41400FA79C3 /* SearchCompleterViewModel.swift in Sources */,
				AF96BA4B2A0A40EE005D7CA3 /* ContentView.swift in Sources */,
				AF209FED29EE907C00B59F66 /* Persistence.swift in Sources */,
				AF96BA512A0A411A005D7CA3 /* LocationViewModel.swift .swift in Sources */,
				AF96BA4D2A0A40FE005D7CA3 /* MapView .swift in Sources */,
				AF96BA4F2A0A410D005D7CA3 /* SearchSuggestionsView .swift in Sources */,
				AFA2B6512A0E57F300FA79C3 /* UserAuth.swift in Sources */,
				AF96BA492A0A40DB005D7CA3 /* LocationStore .swift in Sources */,
				AF96BA472A0A40CC005D7CA3 /* Location.swift in Sources */,
				AFA2B64A2A0D1F4700FA79C3 /* LoginView.swift in Sources */,
				AF209FF029EE907C00B59F66 /* WhereWasIt.xcdatamodeld in Sources */,
				AF209FE429EE907B00B59F66 /* WhereWasItApp.swift in Sources */,
			);
			runOnlyForDeploymentPostprocessing = 0;
		};
		AF209FF129EE907C00B59F66 /* Sources */ = {
			isa = PBXSourcesBuildPhase;
			buildActionMask = 2147483647;
			files = (
				AF209FFA29EE907C00B59F66 /* WhereWasItTests.swift in Sources */,
			);
			runOnlyForDeploymentPostprocessing = 0;
		};
		AF209FFB29EE907C00B59F66 /* Sources */ = {
			isa = PBXSourcesBuildPhase;
			buildActionMask = 2147483647;
			files = (
				AF20A00429EE907C00B59F66 /* WhereWasItUITests.swift in Sources */,
				AF20A00629EE907C00B59F66 /* WhereWasItUITestsLaunchTests.swift in Sources */,
			);
			runOnlyForDeploymentPostprocessing = 0;
		};
/* End PBXSourcesBuildPhase section */

/* Begin PBXTargetDependency section */
		AF209FF729EE907C00B59F66 /* PBXTargetDependency */ = {
			isa = PBXTargetDependency;
			target = AF209FDF29EE907B00B59F66 /* WhereWasIt */;
			targetProxy = AF209FF629EE907C00B59F66 /* PBXContainerItemProxy */;
		};
		AF20A00129EE907C00B59F66 /* PBXTargetDependency */ = {
			isa = PBXTargetDependency;
			target = AF209FDF29EE907B00B59F66 /* WhereWasIt */;
			targetProxy = AF20A00029EE907C00B59F66 /* PBXContainerItemProxy */;
		};
/* End PBXTargetDependency section */

/* Begin XCBuildConfiguration section */
		AF20A00729EE907C00B59F66 /* Debug */ = {
			isa = XCBuildConfiguration;
			buildSettings = {
				ALWAYS_SEARCH_USER_PATHS = NO;
				CLANG_ANALYZER_NONNULL = YES;
				CLANG_ANALYZER_NUMBER_OBJECT_CONVERSION = YES_AGGRESSIVE;
				CLANG_CXX_LANGUAGE_STANDARD = "gnu++20";
				CLANG_ENABLE_MODULES = YES;
				CLANG_ENABLE_OBJC_ARC = YES;
				CLANG_ENABLE_OBJC_WEAK = YES;
				CLANG_WARN_BLOCK_CAPTURE_AUTORELEASING = YES;
				CLANG_WARN_BOOL_CONVERSION = YES;
				CLANG_WARN_COMMA = YES;
				CLANG_WARN_CONSTANT_CONVERSION = YES;
				CLANG_WARN_DEPRECATED_OBJC_IMPLEMENTATIONS = YES;
				CLANG_WARN_DIRECT_OBJC_ISA_USAGE = YES_ERROR;
				CLANG_WARN_DOCUMENTATION_COMMENTS = YES;
				CLANG_WARN_EMPTY_BODY = YES;
				CLANG_WARN_ENUM_CONVERSION = YES;
				CLANG_WARN_INFINITE_RECURSION = YES;
				CLANG_WARN_INT_CONVERSION = YES;
				CLANG_WARN_NON_LITERAL_NULL_CONVERSION = YES;
				CLANG_WARN_OBJC_IMPLICIT_RETAIN_SELF = YES;
				CLANG_WARN_OBJC_LITERAL_CONVERSION = YES;
				CLANG_WARN_OBJC_ROOT_CLASS = YES_ERROR;
				CLANG_WARN_QUOTED_INCLUDE_IN_FRAMEWORK_HEADER = YES;
				CLANG_WARN_RANGE_LOOP_ANALYSIS = YES;
				CLANG_WARN_STRICT_PROTOTYPES = YES;
				CLANG_WARN_SUSPICIOUS_MOVE = YES;
				CLANG_WARN_UNGUARDED_AVAILABILITY = YES_AGGRESSIVE;
				CLANG_WARN_UNREACHABLE_CODE = YES;
				CLANG_WARN__DUPLICATE_METHOD_MATCH = YES;
				COPY_PHASE_STRIP = NO;
				DEBUG_INFORMATION_FORMAT = dwarf;
				ENABLE_STRICT_OBJC_MSGSEND = YES;
				ENABLE_TESTABILITY = YES;
				GCC_C_LANGUAGE_STANDARD = gnu11;
				GCC_DYNAMIC_NO_PIC = NO;
				GCC_NO_COMMON_BLOCKS = YES;
				GCC_OPTIMIZATION_LEVEL = 0;
				GCC_PREPROCESSOR_DEFINITIONS = (
					"DEBUG=1",
					"$(inherited)",
				);
				GCC_WARN_64_TO_32_BIT_CONVERSION = YES;
				GCC_WARN_ABOUT_RETURN_TYPE = YES_ERROR;
				GCC_WARN_UNDECLARED_SELECTOR = YES;
				GCC_WARN_UNINITIALIZED_AUTOS = YES_AGGRESSIVE;
				GCC_WARN_UNUSED_FUNCTION = YES;
				GCC_WARN_UNUSED_VARIABLE = YES;
				IPHONEOS_DEPLOYMENT_TARGET = 16.2;
				MTL_ENABLE_DEBUG_INFO = INCLUDE_SOURCE;
				MTL_FAST_MATH = YES;
				ONLY_ACTIVE_ARCH = YES;
				SDKROOT = iphoneos;
				SWIFT_ACTIVE_COMPILATION_CONDITIONS = DEBUG;
				SWIFT_OPTIMIZATION_LEVEL = "-Onone";
			};
			name = Debug;
		};
		AF20A00829EE907C00B59F66 /* Release */ = {
			isa = XCBuildConfiguration;
			buildSettings = {
				ALWAYS_SEARCH_USER_PATHS = NO;
				CLANG_ANALYZER_NONNULL = YES;
				CLANG_ANALYZER_NUMBER_OBJECT_CONVERSION = YES_AGGRESSIVE;
				CLANG_CXX_LANGUAGE_STANDARD = "gnu++20";
				CLANG_ENABLE_MODULES = YES;
				CLANG_ENABLE_OBJC_ARC = YES;
				CLANG_ENABLE_OBJC_WEAK = YES;
				CLANG_WARN_BLOCK_CAPTURE_AUTORELEASING = YES;
				CLANG_WARN_BOOL_CONVERSION = YES;
				CLANG_WARN_COMMA = YES;
				CLANG_WARN_CONSTANT_CONVERSION = YES;
				CLANG_WARN_DEPRECATED_OBJC_IMPLEMENTATIONS = YES;
				CLANG_WARN_DIRECT_OBJC_ISA_USAGE = YES_ERROR;
				CLANG_WARN_DOCUMENTATION_COMMENTS = YES;
				CLANG_WARN_EMPTY_BODY = YES;
				CLANG_WARN_ENUM_CONVERSION = YES;
				CLANG_WARN_INFINITE_RECURSION = YES;
				CLANG_WARN_INT_CONVERSION = YES;
				CLANG_WARN_NON_LITERAL_NULL_CONVERSION = YES;
				CLANG_WARN_OBJC_IMPLICIT_RETAIN_SELF = YES;
				CLANG_WARN_OBJC_LITERAL_CONVERSION = YES;
				CLANG_WARN_OBJC_ROOT_CLASS = YES_ERROR;
				CLANG_WARN_QUOTED_INCLUDE_IN_FRAMEWORK_HEADER = YES;
				CLANG_WARN_RANGE_LOOP_ANALYSIS = YES;
				CLANG_WARN_STRICT_PROTOTYPES = YES;
				CLANG_WARN_SUSPICIOUS_MOVE = YES;
				CLANG_WARN_UNGUARDED_AVAILABILITY = YES_AGGRESSIVE;
				CLANG_WARN_UNREACHABLE_CODE = YES;
				CLANG_WARN__DUPLICATE_METHOD_MATCH = YES;
				COPY_PHASE_STRIP = NO;
				DEBUG_INFORMATION_FORMAT = "dwarf-with-dsym";
				ENABLE_NS_ASSERTIONS = NO;
				ENABLE_STRICT_OBJC_MSGSEND = YES;
				GCC_C_LANGUAGE_STANDARD = gnu11;
				GCC_NO_COMMON_BLOCKS = YES;
				GCC_WARN_64_TO_32_BIT_CONVERSION = YES;
				GCC_WARN_ABOUT_RETURN_TYPE = YES_ERROR;
				GCC_WARN_UNDECLARED_SELECTOR = YES;
				GCC_WARN_UNINITIALIZED_AUTOS = YES_AGGRESSIVE;
				GCC_WARN_UNUSED_FUNCTION = YES;
				GCC_WARN_UNUSED_VARIABLE = YES;
				IPHONEOS_DEPLOYMENT_TARGET = 16.2;
				MTL_ENABLE_DEBUG_INFO = NO;
				MTL_FAST_MATH = YES;
				SDKROOT = iphoneos;
				SWIFT_COMPILATION_MODE = wholemodule;
				SWIFT_OPTIMIZATION_LEVEL = "-O";
				VALIDATE_PRODUCT = YES;
			};
			name = Release;
		};
		AF20A00A29EE907C00B59F66 /* Debug */ = {
			isa = XCBuildConfiguration;
			buildSettings = {
				ASSETCATALOG_COMPILER_APPICON_NAME = AppIcon;
				ASSETCATALOG_COMPILER_GLOBAL_ACCENT_COLOR_NAME = AccentColor;
				CODE_SIGN_STYLE = Automatic;
				CURRENT_PROJECT_VERSION = 1;
				DEVELOPMENT_ASSET_PATHS = "\"WhereWasIt/Preview Content\"";
				DEVELOPMENT_TEAM = Z7GXA28DBF;
				ENABLE_PREVIEWS = YES;
				GENERATE_INFOPLIST_FILE = YES;
				INFOPLIST_FILE = WhereWasIt/Info.plist;
				INFOPLIST_KEY_NSLocationWhenInUseUsageDescription = "\"This app needs access to your location to show nearby places on the map.\"";
				INFOPLIST_KEY_UIApplicationSceneManifest_Generation = YES;
				INFOPLIST_KEY_UIApplicationSupportsIndirectInputEvents = YES;
				INFOPLIST_KEY_UILaunchScreen_Generation = YES;
				INFOPLIST_KEY_UISupportedInterfaceOrientations_iPad = "UIInterfaceOrientationPortrait UIInterfaceOrientationPortraitUpsideDown UIInterfaceOrientationLandscapeLeft UIInterfaceOrientationLandscapeRight";
				INFOPLIST_KEY_UISupportedInterfaceOrientations_iPhone = "UIInterfaceOrientationPortrait UIInterfaceOrientationLandscapeLeft UIInterfaceOrientationLandscapeRight";
				LD_RUNPATH_SEARCH_PATHS = (
					"$(inherited)",
					"@executable_path/Frameworks",
				);
				MARKETING_VERSION = 1.0;
				PRODUCT_BUNDLE_IDENTIFIER = Henrik.WhereWasIt;
				PRODUCT_NAME = "$(TARGET_NAME)";
				SWIFT_EMIT_LOC_STRINGS = YES;
				SWIFT_VERSION = 5.0;
				TARGETED_DEVICE_FAMILY = "1,2";
			};
			name = Debug;
		};
		AF20A00B29EE907C00B59F66 /* Release */ = {
			isa = XCBuildConfiguration;
			buildSettings = {
				ASSETCATALOG_COMPILER_APPICON_NAME = AppIcon;
				ASSETCATALOG_COMPILER_GLOBAL_ACCENT_COLOR_NAME = AccentColor;
				CODE_SIGN_STYLE = Automatic;
				CURRENT_PROJECT_VERSION = 1;
				DEVELOPMENT_ASSET_PATHS = "\"WhereWasIt/Preview Content\"";
				DEVELOPMENT_TEAM = Z7GXA28DBF;
				ENABLE_PREVIEWS = YES;
				GENERATE_INFOPLIST_FILE = YES;
				INFOPLIST_FILE = WhereWasIt/Info.plist;
				INFOPLIST_KEY_NSLocationWhenInUseUsageDescription = "\"This app needs access to your location to show nearby places on the map.\"";
				INFOPLIST_KEY_UIApplicationSceneManifest_Generation = YES;
				INFOPLIST_KEY_UIApplicationSupportsIndirectInputEvents = YES;
				INFOPLIST_KEY_UILaunchScreen_Generation = YES;
				INFOPLIST_KEY_UISupportedInterfaceOrientations_iPad = "UIInterfaceOrientationPortrait UIInterfaceOrientationPortraitUpsideDown UIInterfaceOrientationLandscapeLeft UIInterfaceOrientationLandscapeRight";
				INFOPLIST_KEY_UISupportedInterfaceOrientations_iPhone = "UIInterfaceOrientationPortrait UIInterfaceOrientationLandscapeLeft UIInterfaceOrientationLandscapeRight";
				LD_RUNPATH_SEARCH_PATHS = (
					"$(inherited)",
					"@executable_path/Frameworks",
				);
				MARKETING_VERSION = 1.0;
				PRODUCT_BUNDLE_IDENTIFIER = Henrik.WhereWasIt;
				PRODUCT_NAME = "$(TARGET_NAME)";
				SWIFT_EMIT_LOC_STRINGS = YES;
				SWIFT_VERSION = 5.0;
				TARGETED_DEVICE_FAMILY = "1,2";
			};
			name = Release;
		};
		AF20A00D29EE907C00B59F66 /* Debug */ = {
			isa = XCBuildConfiguration;
			buildSettings = {
				ALWAYS_EMBED_SWIFT_STANDARD_LIBRARIES = YES;
				BUNDLE_LOADER = "$(TEST_HOST)";
				CODE_SIGN_STYLE = Automatic;
				CURRENT_PROJECT_VERSION = 1;
				DEVELOPMENT_TEAM = Z7GXA28DBF;
				GENERATE_INFOPLIST_FILE = YES;
				IPHONEOS_DEPLOYMENT_TARGET = 16.2;
				MARKETING_VERSION = 1.0;
				PRODUCT_BUNDLE_IDENTIFIER = Henrik.WhereWasItTests;
				PRODUCT_NAME = "$(TARGET_NAME)";
				SWIFT_EMIT_LOC_STRINGS = NO;
				SWIFT_VERSION = 5.0;
				TARGETED_DEVICE_FAMILY = "1,2";
				TEST_HOST = "$(BUILT_PRODUCTS_DIR)/WhereWasIt.app/$(BUNDLE_EXECUTABLE_FOLDER_PATH)/WhereWasIt";
			};
			name = Debug;
		};
		AF20A00E29EE907C00B59F66 /* Release */ = {
			isa = XCBuildConfiguration;
			buildSettings = {
				ALWAYS_EMBED_SWIFT_STANDARD_LIBRARIES = YES;
				BUNDLE_LOADER = "$(TEST_HOST)";
				CODE_SIGN_STYLE = Automatic;
				CURRENT_PROJECT_VERSION = 1;
				DEVELOPMENT_TEAM = Z7GXA28DBF;
				GENERATE_INFOPLIST_FILE = YES;
				IPHONEOS_DEPLOYMENT_TARGET = 16.2;
				MARKETING_VERSION = 1.0;
				PRODUCT_BUNDLE_IDENTIFIER = Henrik.WhereWasItTests;
				PRODUCT_NAME = "$(TARGET_NAME)";
				SWIFT_EMIT_LOC_STRINGS = NO;
				SWIFT_VERSION = 5.0;
				TARGETED_DEVICE_FAMILY = "1,2";
				TEST_HOST = "$(BUILT_PRODUCTS_DIR)/WhereWasIt.app/$(BUNDLE_EXECUTABLE_FOLDER_PATH)/WhereWasIt";
			};
			name = Release;
		};
		AF20A01029EE907C00B59F66 /* Debug */ = {
			isa = XCBuildConfiguration;
			buildSettings = {
				ALWAYS_EMBED_SWIFT_STANDARD_LIBRARIES = YES;
				CODE_SIGN_STYLE = Automatic;
				CURRENT_PROJECT_VERSION = 1;
				DEVELOPMENT_TEAM = Z7GXA28DBF;
				GENERATE_INFOPLIST_FILE = YES;
				MARKETING_VERSION = 1.0;
				PRODUCT_BUNDLE_IDENTIFIER = Henrik.WhereWasItUITests;
				PRODUCT_NAME = "$(TARGET_NAME)";
				SWIFT_EMIT_LOC_STRINGS = NO;
				SWIFT_VERSION = 5.0;
				TARGETED_DEVICE_FAMILY = "1,2";
				TEST_TARGET_NAME = WhereWasIt;
			};
			name = Debug;
		};
		AF20A01129EE907C00B59F66 /* Release */ = {
			isa = XCBuildConfiguration;
			buildSettings = {
				ALWAYS_EMBED_SWIFT_STANDARD_LIBRARIES = YES;
				CODE_SIGN_STYLE = Automatic;
				CURRENT_PROJECT_VERSION = 1;
				DEVELOPMENT_TEAM = Z7GXA28DBF;
				GENERATE_INFOPLIST_FILE = YES;
				MARKETING_VERSION = 1.0;
				PRODUCT_BUNDLE_IDENTIFIER = Henrik.WhereWasItUITests;
				PRODUCT_NAME = "$(TARGET_NAME)";
				SWIFT_EMIT_LOC_STRINGS = NO;
				SWIFT_VERSION = 5.0;
				TARGETED_DEVICE_FAMILY = "1,2";
				TEST_TARGET_NAME = WhereWasIt;
			};
			name = Release;
		};
/* End XCBuildConfiguration section */

/* Begin XCConfigurationList section */
		AF209FDB29EE907B00B59F66 /* Build configuration list for PBXProject "WhereWasIt" */ = {
			isa = XCConfigurationList;
			buildConfigurations = (
				AF20A00729EE907C00B59F66 /* Debug */,
				AF20A00829EE907C00B59F66 /* Release */,
			);
			defaultConfigurationIsVisible = 0;
			defaultConfigurationName = Release;
		};
		AF20A00929EE907C00B59F66 /* Build configuration list for PBXNativeTarget "WhereWasIt" */ = {
			isa = XCConfigurationList;
			buildConfigurations = (
				AF20A00A29EE907C00B59F66 /* Debug */,
				AF20A00B29EE907C00B59F66 /* Release */,
			);
			defaultConfigurationIsVisible = 0;
			defaultConfigurationName = Release;
		};
		AF20A00C29EE907C00B59F66 /* Build configuration list for PBXNativeTarget "WhereWasItTests" */ = {
			isa = XCConfigurationList;
			buildConfigurations = (
				AF20A00D29EE907C00B59F66 /* Debug */,
				AF20A00E29EE907C00B59F66 /* Release */,
			);
			defaultConfigurationIsVisible = 0;
			defaultConfigurationName = Release;
		};
		AF20A00F29EE907C00B59F66 /* Build configuration list for PBXNativeTarget "WhereWasItUITests" */ = {
			isa = XCConfigurationList;
			buildConfigurations = (
				AF20A01029EE907C00B59F66 /* Debug */,
				AF20A01129EE907C00B59F66 /* Release */,
			);
			defaultConfigurationIsVisible = 0;
			defaultConfigurationName = Release;
		};
/* End XCConfigurationList section */

/* Begin XCRemoteSwiftPackageReference section */
		AF96BA302A03CAA6005D7CA3 /* XCRemoteSwiftPackageReference "firebase-ios-sdk" */ = {
			isa = XCRemoteSwiftPackageReference;
			repositoryURL = "https://github.com/firebase/firebase-ios-sdk";
			requirement = {
				kind = upToNextMajorVersion;
				minimumVersion = 9.0.0;
			};
		};
		AFA2B64B2A0D201000FA79C3 /* XCRemoteSwiftPackageReference "GoogleSignIn-iOS" */ = {
			isa = XCRemoteSwiftPackageReference;
			repositoryURL = "https://github.com/google/GoogleSignIn-iOS";
			requirement = {
				branch = main;
				kind = branch;
			};
		};
/* End XCRemoteSwiftPackageReference section */

/* Begin XCSwiftPackageProductDependency section */
		AF96BA312A03CAA6005D7CA3 /* FirebaseAuth */ = {
			isa = XCSwiftPackageProductDependency;
			package = AF96BA302A03CAA6005D7CA3 /* XCRemoteSwiftPackageReference "firebase-ios-sdk" */;
			productName = FirebaseAuth;
		};
		AF96BA332A03CAA6005D7CA3 /* FirebaseDatabase */ = {
			isa = XCSwiftPackageProductDependency;
			package = AF96BA302A03CAA6005D7CA3 /* XCRemoteSwiftPackageReference "firebase-ios-sdk" */;
			productName = FirebaseDatabase;
		};
		AF96BA352A03CAA6005D7CA3 /* FirebaseDatabaseSwift */ = {
			isa = XCSwiftPackageProductDependency;
			package = AF96BA302A03CAA6005D7CA3 /* XCRemoteSwiftPackageReference "firebase-ios-sdk" */;
			productName = FirebaseDatabaseSwift;
		};
		AF96BA372A03CAA6005D7CA3 /* FirebaseFirestore */ = {
			isa = XCSwiftPackageProductDependency;
			package = AF96BA302A03CAA6005D7CA3 /* XCRemoteSwiftPackageReference "firebase-ios-sdk" */;
			productName = FirebaseFirestore;
		};
		AF96BA392A03CAA6005D7CA3 /* FirebaseFirestoreSwift */ = {
			isa = XCSwiftPackageProductDependency;
			package = AF96BA302A03CAA6005D7CA3 /* XCRemoteSwiftPackageReference "firebase-ios-sdk" */;
			productName = FirebaseFirestoreSwift;
		};
		AF96BA3B2A03CAA6005D7CA3 /* FirebaseInAppMessaging-Beta */ = {
			isa = XCSwiftPackageProductDependency;
			package = AF96BA302A03CAA6005D7CA3 /* XCRemoteSwiftPackageReference "firebase-ios-sdk" */;
			productName = "FirebaseInAppMessaging-Beta";
		};
		AF96BA3D2A03CAA6005D7CA3 /* FirebaseInAppMessagingSwift-Beta */ = {
			isa = XCSwiftPackageProductDependency;
			package = AF96BA302A03CAA6005D7CA3 /* XCRemoteSwiftPackageReference "firebase-ios-sdk" */;
			productName = "FirebaseInAppMessagingSwift-Beta";
		};
		AF96BA3F2A03CAA6005D7CA3 /* FirebaseMessaging */ = {
			isa = XCSwiftPackageProductDependency;
			package = AF96BA302A03CAA6005D7CA3 /* XCRemoteSwiftPackageReference "firebase-ios-sdk" */;
			productName = FirebaseMessaging;
		};
		AF96BA412A03CAA6005D7CA3 /* FirebaseStorage */ = {
			isa = XCSwiftPackageProductDependency;
			package = AF96BA302A03CAA6005D7CA3 /* XCRemoteSwiftPackageReference "firebase-ios-sdk" */;
			productName = FirebaseStorage;
		};
		AFA2B64C2A0D201000FA79C3 /* GoogleSignIn */ = {
			isa = XCSwiftPackageProductDependency;
			package = AFA2B64B2A0D201000FA79C3 /* XCRemoteSwiftPackageReference "GoogleSignIn-iOS" */;
			productName = GoogleSignIn;
		};
		AFA2B64E2A0D201000FA79C3 /* GoogleSignInSwift */ = {
			isa = XCSwiftPackageProductDependency;
			package = AFA2B64B2A0D201000FA79C3 /* XCRemoteSwiftPackageReference "GoogleSignIn-iOS" */;
			productName = GoogleSignInSwift;
		};
/* End XCSwiftPackageProductDependency section */

/* Begin XCVersionGroup section */
		AF209FEE29EE907C00B59F66 /* WhereWasIt.xcdatamodeld */ = {
			isa = XCVersionGroup;
			children = (
				AF209FEF29EE907C00B59F66 /* WhereWasIt.xcdatamodel */,
			);
			currentVersion = AF209FEF29EE907C00B59F66 /* WhereWasIt.xcdatamodel */;
			path = WhereWasIt.xcdatamodeld;
			sourceTree = "<group>";
			versionGroupType = wrapper.xcdatamodel;
		};
/* End XCVersionGroup section */
	};
	rootObject = AF209FD829EE907B00B59F66 /* Project object */;
}
